
Microsoft Visual Studio Solution File, Format Version 12.00
# Visual Studio Version 17
VisualStudioVersion = 17.12.35527.113 d17.12
MinimumVisualStudioVersion = 10.0.40219.1
Project("{2150E333-8FDC-42A3-9474-1A3956D46DE8}") = "Services", "Services", "{5093E28B-7594-4A53-B897-7D833682466F}"
EndProject
Project("{FAE04EC0-301F-11D3-BF4B-00C04F79EFBC}") = "AuthServer", "AuthServer\AuthServer.csproj", "{AF8FC286-C601-46F6-89AD-8DB76894F647}"
EndProject
Project("{2150E333-8FDC-42A3-9474-1A3956D46DE8}") = "AuthenService", "AuthenService", "{FF2F50B5-0DA4-4D81-9799-686EF8A3A796}"
EndProject
Project("{FAE04EC0-301F-11D3-BF4B-00C04F79EFBC}") = "AuthService.Domain", "AuthService.Domain\AuthService.Domain.csproj", "{13A65975-76FC-470A-BDF7-14AFEBCA4328}"
EndProject
Project("{FAE04EC0-301F-11D3-BF4B-00C04F79EFBC}") = "AuthService.Infrastructure", "AuthService.Infrastructure\AuthService.Infrastructure.csproj", "{A8A20FB4-A6F3-423A-B18C-775577A98EB7}"
EndProject
Project("{FAE04EC0-301F-11D3-BF4B-00C04F79EFBC}") = "AuthService.Application", "AuthService.Application\AuthService.Application.csproj", "{3AA70B78-AB10-47D3-9F14-C3AF35514D7F}"
EndProject
Project("{2150E333-8FDC-42A3-9474-1A3956D46DE8}") = "UserService", "UserService", "{E03AAE50-20D8-4921-831C-0681008AE2FA}"
EndProject
Project("{FAE04EC0-301F-11D3-BF4B-00C04F79EFBC}") = "UserService.API", "UserService.API\UserService.API.csproj", "{265CE167-3AB8-465E-BEFA-5482B50A5177}"
EndProject
Project("{FAE04EC0-301F-11D3-BF4B-00C04F79EFBC}") = "UserService.Domain", "UserService.Domain\UserService.Domain.csproj", "{78BBD96E-AE73-4528-BCF9-8EF18B0408CC}"
EndProject
Project("{2150E333-8FDC-42A3-9474-1A3956D46DE8}") = "ApiGateways", "ApiGateways", "{A45EA760-06A3-498A-BF47-57D937D54325}"
EndProject
Project("{FAE04EC0-301F-11D3-BF4B-00C04F79EFBC}") = "ClassLibrary1", "ClassLibrary1\ClassLibrary1.csproj", "{FC3FC30E-EE67-4162-A966-36582BFDC042}"
EndProject
Global
	GlobalSection(SolutionConfigurationPlatforms) = preSolution
		Debug|Any CPU = Debug|Any CPU
		Release|Any CPU = Release|Any CPU
	EndGlobalSection
	GlobalSection(ProjectConfigurationPlatforms) = postSolution
		{AF8FC286-C601-46F6-89AD-8DB76894F647}.Debug|Any CPU.ActiveCfg = Debug|Any CPU
		{AF8FC286-C601-46F6-89AD-8DB76894F647}.Debug|Any CPU.Build.0 = Debug|Any CPU
		{AF8FC286-C601-46F6-89AD-8DB76894F647}.Release|Any CPU.ActiveCfg = Release|Any CPU
		{AF8FC286-C601-46F6-89AD-8DB76894F647}.Release|Any CPU.Build.0 = Release|Any CPU
		{13A65975-76FC-470A-BDF7-14AFEBCA4328}.Debug|Any CPU.ActiveCfg = Debug|Any CPU
		{13A65975-76FC-470A-BDF7-14AFEBCA4328}.Debug|Any CPU.Build.0 = Debug|Any CPU
		{13A65975-76FC-470A-BDF7-14AFEBCA4328}.Release|Any CPU.ActiveCfg = Release|Any CPU
		{13A65975-76FC-470A-BDF7-14AFEBCA4328}.Release|Any CPU.Build.0 = Release|Any CPU
		{A8A20FB4-A6F3-423A-B18C-775577A98EB7}.Debug|Any CPU.ActiveCfg = Debug|Any CPU
		{A8A20FB4-A6F3-423A-B18C-775577A98EB7}.Debug|Any CPU.Build.0 = Debug|Any CPU
		{A8A20FB4-A6F3-423A-B18C-775577A98EB7}.Release|Any CPU.ActiveCfg = Release|Any CPU
		{A8A20FB4-A6F3-423A-B18C-775577A98EB7}.Release|Any CPU.Build.0 = Release|Any CPU
		{3AA70B78-AB10-47D3-9F14-C3AF35514D7F}.Debug|Any CPU.ActiveCfg = Debug|Any CPU
		{3AA70B78-AB10-47D3-9F14-C3AF35514D7F}.Debug|Any CPU.Build.0 = Debug|Any CPU
		{3AA70B78-AB10-47D3-9F14-C3AF35514D7F}.Release|Any CPU.ActiveCfg = Release|Any CPU
		{3AA70B78-AB10-47D3-9F14-C3AF35514D7F}.Release|Any CPU.Build.0 = Release|Any CPU
		{265CE167-3AB8-465E-BEFA-5482B50A5177}.Debug|Any CPU.ActiveCfg = Debug|Any CPU
		{265CE167-3AB8-465E-BEFA-5482B50A5177}.Debug|Any CPU.Build.0 = Debug|Any CPU
		{265CE167-3AB8-465E-BEFA-5482B50A5177}.Release|Any CPU.ActiveCfg = Release|Any CPU
		{265CE167-3AB8-465E-BEFA-5482B50A5177}.Release|Any CPU.Build.0 = Release|Any CPU
		{78BBD96E-AE73-4528-BCF9-8EF18B0408CC}.Debug|Any CPU.ActiveCfg = Debug|Any CPU
		{78BBD96E-AE73-4528-BCF9-8EF18B0408CC}.Debug|Any CPU.Build.0 = Debug|Any CPU
		{78BBD96E-AE73-4528-BCF9-8EF18B0408CC}.Release|Any CPU.ActiveCfg = Release|Any CPU
		{78BBD96E-AE73-4528-BCF9-8EF18B0408CC}.Release|Any CPU.Build.0 = Release|Any CPU
		{FC3FC30E-EE67-4162-A966-36582BFDC042}.Debug|Any CPU.ActiveCfg = Debug|Any CPU
		{FC3FC30E-EE67-4162-A966-36582BFDC042}.Debug|Any CPU.Build.0 = Debug|Any CPU
		{FC3FC30E-EE67-4162-A966-36582BFDC042}.Release|Any CPU.ActiveCfg = Release|Any CPU
		{FC3FC30E-EE67-4162-A966-36582BFDC042}.Release|Any CPU.Build.0 = Release|Any CPU
	EndGlobalSection
	GlobalSection(SolutionProperties) = preSolution
		HideSolutionNode = FALSE
	EndGlobalSection
	GlobalSection(NestedProjects) = preSolution
		{AF8FC286-C601-46F6-89AD-8DB76894F647} = {FF2F50B5-0DA4-4D81-9799-686EF8A3A796}
		{FF2F50B5-0DA4-4D81-9799-686EF8A3A796} = {5093E28B-7594-4A53-B897-7D833682466F}
		{13A65975-76FC-470A-BDF7-14AFEBCA4328} = {FF2F50B5-0DA4-4D81-9799-686EF8A3A796}
		{A8A20FB4-A6F3-423A-B18C-775577A98EB7} = {FF2F50B5-0DA4-4D81-9799-686EF8A3A796}
		{3AA70B78-AB10-47D3-9F14-C3AF35514D7F} = {FF2F50B5-0DA4-4D81-9799-686EF8A3A796}
		{E03AAE50-20D8-4921-831C-0681008AE2FA} = {5093E28B-7594-4A53-B897-7D833682466F}
		{265CE167-3AB8-465E-BEFA-5482B50A5177} = {E03AAE50-20D8-4921-831C-0681008AE2FA}
		{78BBD96E-AE73-4528-BCF9-8EF18B0408CC} = {E03AAE50-20D8-4921-831C-0681008AE2FA}
		{FC3FC30E-EE67-4162-A966-36582BFDC042} = {A45EA760-06A3-498A-BF47-57D937D54325}
	EndGlobalSection
EndGlobal
